{
  "version": 1,
  "dependencies": {
    "net7.0": {
      "MinVer": {
        "type": "Direct",
        "requested": "[4.3.0, )",
        "resolved": "4.3.0",
        "contentHash": "YNVAW3loCFW4kTwensApaZUl+7xREK75QQNOFSbsbXx2sCSm9/IHBjUHsJGn3u0UA5r/sAqrdYBNUlOFfLhUrA=="
      },
      "YamlDotNet": {
        "type": "Direct",
        "requested": "[15.1.0, )",
        "resolved": "15.1.0",
        "contentHash": "fXrqmKkzBtXeJiHEsZOPEWkonHweiwk/l0Hqhz4yMIZPh57kZy03Xbj2/e8HV1QIkTw7yeBe9bbphuE3YiI4vQ=="
      }
    }
  }
}