
Microsoft Visual Studio Solution File, Format Version 12.00
# Visual Studio Version 17
VisualStudioVersion = 17.12.35527.113
MinimumVisualStudioVersion = 10.0.40219.1
Project("{FAE04EC0-301F-11D3-BF4B-00C04F79EFBC}") = "TypedStrings", "TypedStrings\TypedStrings.csproj", "{5B84845A-1BD7-4B1E-BFA2-6F3757866182}"
EndProject
Project("{FAE04EC0-301F-11D3-BF4B-00C04F79EFBC}") = "TypedStrings.Tests", "TypedStrings.Tests\TypedStrings.Tests.csproj", "{5B18016A-65DF-427A-89B2-BEA5C34D6693}"
EndProject
Project("{2150E333-8FDC-42A3-9474-1A3956D46DE8}") = "misc", "misc", "{A8403B7D-F0FE-4BF8-A621-D34CB605F615}"
	ProjectSection(SolutionItems) = preProject
		.editorconfig = .editorconfig
		Directory.Build.props = Directory.Build.props
		Directory.Build.targets = Directory.Build.targets
		Directory.Packages.props = Directory.Packages.props
	EndProjectSection
EndProject
Global
	GlobalSection(SolutionConfigurationPlatforms) = preSolution
		Debug|Any CPU = Debug|Any CPU
		Release|Any CPU = Release|Any CPU
	EndGlobalSection
	GlobalSection(ProjectConfigurationPlatforms) = postSolution
		{5B84845A-1BD7-4B1E-BFA2-6F3757866182}.Debug|Any CPU.ActiveCfg = Debug|Any CPU
		{5B84845A-1BD7-4B1E-BFA2-6F3757866182}.Debug|Any CPU.Build.0 = Debug|Any CPU
		{5B84845A-1BD7-4B1E-BFA2-6F3757866182}.Release|Any CPU.ActiveCfg = Release|Any CPU
		{5B84845A-1BD7-4B1E-BFA2-6F3757866182}.Release|Any CPU.Build.0 = Release|Any CPU
		{5B18016A-65DF-427A-89B2-BEA5C34D6693}.Debug|Any CPU.ActiveCfg = Debug|Any CPU
		{5B18016A-65DF-427A-89B2-BEA5C34D6693}.Debug|Any CPU.Build.0 = Debug|Any CPU
		{5B18016A-65DF-427A-89B2-BEA5C34D6693}.Release|Any CPU.ActiveCfg = Release|Any CPU
		{5B18016A-65DF-427A-89B2-BEA5C34D6693}.Release|Any CPU.Build.0 = Release|Any CPU
	EndGlobalSection
	GlobalSection(SolutionProperties) = preSolution
		HideSolutionNode = FALSE
	EndGlobalSection
EndGlobal
