
Microsoft Visual Studio Solution File, Format Version 12.00
# Visual Studio Version 17
VisualStudioVersion = 17.9.34518.117
MinimumVisualStudioVersion = 10.0.40219.1
Project("{9A19103F-16F7-4668-BE54-9A1E7A4F7556}") = "MauiMsApp", "MauiMsApp\MauiMsApp.csproj", "{3FAA5ACE-EECC-437C-A96C-08D87142A6E9}"
EndProject
Project("{9A19103F-16F7-4668-BE54-9A1E7A4F7556}") = "Test.AppWriter", "Test.AppWriter\Test.AppWriter.csproj", "{6F02FE37-85DF-4D45-91D6-79803515F7A8}"
EndProject
Project("{2150E333-8FDC-42A3-9474-1A3956D46DE8}") = "Solution Items", "Solution Items", "{B670AB64-93F5-4E18-A458-66AD8C57079A}"
	ProjectSection(SolutionItems) = preProject
		README.md = README.md
	EndProjectSection
EndProject
Project("{FAE04EC0-301F-11D3-BF4B-00C04F79EFBC}") = "MSAppGenerator", "MSAppGenerator\MSAppGenerator.csproj", "{FAEC3592-AFEE-483E-AB74-BEF6CDC16FB6}"
EndProject
Global
	GlobalSection(SolutionConfigurationPlatforms) = preSolution
		Debug|Any CPU = Debug|Any CPU
		Release|Any CPU = Release|Any CPU
	EndGlobalSection
	GlobalSection(ProjectConfigurationPlatforms) = postSolution
		{3FAA5ACE-EECC-437C-A96C-08D87142A6E9}.Debug|Any CPU.ActiveCfg = Debug|Any CPU
		{3FAA5ACE-EECC-437C-A96C-08D87142A6E9}.Debug|Any CPU.Build.0 = Debug|Any CPU
		{3FAA5ACE-EECC-437C-A96C-08D87142A6E9}.Debug|Any CPU.Deploy.0 = Debug|Any CPU
		{3FAA5ACE-EECC-437C-A96C-08D87142A6E9}.Release|Any CPU.ActiveCfg = Release|Any CPU
		{3FAA5ACE-EECC-437C-A96C-08D87142A6E9}.Release|Any CPU.Build.0 = Release|Any CPU
		{3FAA5ACE-EECC-437C-A96C-08D87142A6E9}.Release|Any CPU.Deploy.0 = Release|Any CPU
		{6F02FE37-85DF-4D45-91D6-79803515F7A8}.Debug|Any CPU.ActiveCfg = Debug|Any CPU
		{6F02FE37-85DF-4D45-91D6-79803515F7A8}.Debug|Any CPU.Build.0 = Debug|Any CPU
		{6F02FE37-85DF-4D45-91D6-79803515F7A8}.Release|Any CPU.ActiveCfg = Release|Any CPU
		{6F02FE37-85DF-4D45-91D6-79803515F7A8}.Release|Any CPU.Build.0 = Release|Any CPU
		{FAEC3592-AFEE-483E-AB74-BEF6CDC16FB6}.Debug|Any CPU.ActiveCfg = Debug|Any CPU
		{FAEC3592-AFEE-483E-AB74-BEF6CDC16FB6}.Debug|Any CPU.Build.0 = Debug|Any CPU
		{FAEC3592-AFEE-483E-AB74-BEF6CDC16FB6}.Release|Any CPU.ActiveCfg = Release|Any CPU
		{FAEC3592-AFEE-483E-AB74-BEF6CDC16FB6}.Release|Any CPU.Build.0 = Release|Any CPU
	EndGlobalSection
	GlobalSection(SolutionProperties) = preSolution
		HideSolutionNode = FALSE
	EndGlobalSection
	GlobalSection(ExtensibilityGlobals) = postSolution
		SolutionGuid = {C96F4A04-F0AE-4BE6-A83C-B5659C1DE116}
	EndGlobalSection
EndGlobal
